Microsoft Visual Studio Solution File, Format Version 12.00
# Visual Studio Version 17
VisualStudioVersion = 17.5.2.0
MinimumVisualStudioVersion = 10.0.40219.1
Project("{2150E333-8FDC-42A3-9474-1A3956D46DE8}") = "Backend", "Backend", "{1AE8ACA6-933B-BF2A-3671-3E2EAC007D16}"
EndProject
Project("{FAE04EC0-301F-11D3-BF4B-00C04F79EFBC}") = "DeviceMonitor.API", "Backend\DeviceMonitor.API\DeviceMonitor.API.csproj", "{F0AEAD4F-5BCE-7E13-BF1C-338EA44C0E66}"
EndProject
Global
	GlobalSection(SolutionConfigurationPlatforms) = preSolution
		Debug|Any CPU = Debug|Any CPU
		Release|Any CPU = Release|Any CPU
	EndGlobalSection
	GlobalSection(ProjectConfigurationPlatforms) = postSolution
		{F0AEAD4F-5BCE-7E13-BF1C-338EA44C0E66}.Debug|Any CPU.ActiveCfg = Debug|Any CPU
		{F0AEAD4F-5BCE-7E13-BF1C-338EA44C0E66}.Debug|Any CPU.Build.0 = Debug|Any CPU
		{F0AEAD4F-5BCE-7E13-BF1C-338EA44C0E66}.Release|Any CPU.ActiveCfg = Release|Any CPU
		{F0AEAD4F-5BCE-7E13-BF1C-338EA44C0E66}.Release|Any CPU.Build.0 = Release|Any CPU
	EndGlobalSection
	GlobalSection(SolutionProperties) = preSolution
		HideSolutionNode = FALSE
	EndGlobalSection
	GlobalSection(NestedProjects) = preSolution
		{F0AEAD4F-5BCE-7E13-BF1C-338EA44C0E66} = {1AE8ACA6-933B-BF2A-3671-3E2EAC007D16}
	EndGlobalSection
	GlobalSection(ExtensibilityGlobals) = postSolution
		SolutionGuid = {BA97E56B-6C1A-49BD-995F-18581F8F4B99}
	EndGlobalSection
EndGlobal
